github.com/badgerodon/collections v0.0.0-20130729185459-604e922904d3 h1:ooC26VNhy3ronBnebGlYPPMJOdYnp+ePnbOrgSddoPQ=
github.com/badgerodon/collections v0.0.0-20130729185459-604e922904d3/go.mod h1:9iqE3TMnuFhHQI3OoJXBDOKj4bDZAuujavGYkpS3CI0=
github.com/claudiu/trie v0.0.0-20151026120200-ae8ac0727f5e h1:7hc5gPOdVvIWvB3nmeqv2OtAeEFQbJuwiJXPIBn3I18=
github.com/claudiu/trie v0.0.0-20151026120200-ae8ac0727f5e/go.mod h1:APTl5JX/7a0Co1/AfRP9RUYKXbM6NYlj8V/Q+9vNzDw=
github.com/derekparker/trie v0.0.0-20200317170641-1fdf38b7b0e9 h1:G765iDCq7bP5opdrPkXk+4V3yfkgV9iGFuheWZ/X/zY=
github.com/derekparker/trie v0.0.0-20200317170641-1fdf38b7b0e9/go.mod h1:D6ICZm05D9VN1n/8iOtBxLpXtoGp6HDFUJ1RNVieOSE=
github.com/dghubble/trie v0.0.0-20201011220304-ed6d6b8add55 h1:3yKntgWb7KwnHd4nCVgCIUNQs4qRdua+jitRqGMxKys=
github.com/dghubble/trie v0.0.0-20201011220304-ed6d6b8add55/go.mod h1:xNBeoT4V92/aNvuC3IJ2g59uxuKP4/kzvkpoHrb7v4A=
github.com/go-errors/errors v1.1.1 h1:ljK/pL5ltg3qoN+OtN6yCv9HWSfMwxSx90GJCZQxYNg=
github.com/go-errors/errors v1.1.1/go.mod h1:psDX2osz5VnTOnFWbDeWwS7yejl+uV3FEWEp4lssFEs=
github.com/pkg/errors v0.9.1 h1:FEBLx1zS214owpjy7qsBeixbURkuhQAwrK5UwLGTwt4=
github.com/pkg/errors v0.9.1/go.mod h1:bwawxfHBFNV+L2hUp1rHADufV3IMtnDRdf1r5NINEl0=
github.com/timretout/trie v0.0.0-20210105230222-1627f424ba22 h1:qP04eAsBneeJNeDWr5g7RGoGaPkiHzW9uvUsLrCZYCU=
github.com/timretout/trie v0.0.0-20210105230222-1627f424ba22/go.mod h1:n406zV4nbwQ0yu3gI+pRU+XSFwbn4M+gAhqDhIb/4YA=
github.com/viant/ptrie v0.3.0 h1:SDaRd7Gqr1+ItCNz0GpTxRdK21nOfqjV6YtBm9jGlMY=
github.com/viant/ptrie v0.3.0/go.mod h1:VguMnbGfz95Zw+V5VarYSqtqslDxJbOv++xLzxkMhec=
github.com/viant/toolbox v0.33.2 h1:Av844IIeGz81gT672qZemyptGfbrcxqGymA5RFnIPjE=
github.com/viant/toolbox v0.33.2/go.mod h1:OxMCG57V0PXuIP2HNQrtJf2CjqdmbrOx5EkMILuUhzM=
gopkg.in/check.v1 v0.0.0-20161208181325-20d25e280405/go.mod h1:Co6ibVJAznAaIkqp8huTwlJQCZ016jof/cbN4VW5Yz0=
gopkg.in/yaml.v2 v2.4.0 h1:D8xgwECY7CYvx+Y2n4sBz93Jn9JRvxdiyyo8CTfuKaY=
gopkg.in/yaml.v2 v2.4.0/go.mod h1:RDklbk79AGWmwhnvt/jBztapEOGDOx6ZbXqjP6csGnQ=
